{
  "name": "create-next-example-app",
  "requires": true,
  "lockfileVersion": 1,
  "dependencies": {
    "debug": {
      "version": "3.2.4",
      "resolved": "https://registry.npmjs.org/debug/-/debug-3.2.4.tgz",
      "integrity": "sha512-fCEG5fOr7m/fhgOD3KurdAov706JbXZJYXAsAOEJ7GgasGr0GO4N+1NsIcrjlIUcyvJ9oZlnelTzN3Ix8z1ecw==",
      "requires": {
        "ms": "2.1.1"
      }
    },
    "direction": {
      "version": "0.1.5",
      "resolved": "https://registry.npmjs.org/direction/-/direction-0.1.5.tgz",
      "integrity": "sha1-zl15f5fib4vnvv9T99xA4cGp7Ew="
    },
    "esrever": {
      "version": "0.2.0",
      "resolved": "https://registry.npmjs.org/esrever/-/esrever-0.2.0.tgz",
      "integrity": "sha1-lunSj08bGnZ4TNXUkOquAQ50B7g="
    },
    "get-document": {
      "version": "1.0.0",
      "resolved": "https://registry.npmjs.org/get-document/-/get-document-1.0.0.tgz",
      "integrity": "sha1-SCG85m8cJMsDMWAr5strEsTwHEs="
    },
    "get-window": {
      "version": "1.1.2",
      "resolved": "https://registry.npmjs.org/get-window/-/get-window-1.1.2.tgz",
      "integrity": "sha512-yjWpFcy9fjhLQHW1dPtg9ga4pmizLY8y4ZSHdGrAQ1NU277MRhnGnnLPxe19X8W5lWVsCZz++5xEuNozWMVmTw==",
      "requires": {
        "get-document": "1.0.0"
      }
    },
    "immutable": {
      "version": "3.8.2",
      "resolved": "https://registry.npmjs.org/immutable/-/immutable-3.8.2.tgz",
      "integrity": "sha1-wkOZUUVbs5kT2vKBN28VMOEErfM="
    },
    "is-hotkey": {
      "version": "0.1.3",
      "resolved": "https://registry.npmjs.org/is-hotkey/-/is-hotkey-0.1.3.tgz",
      "integrity": "sha512-wB5PP/lwpaN5zNT1vjHxYFBxiq5zvUZiv8696eB5OmeCRCgNIzb3cMJjRhogSQXe8LLDKOzzlFfGlMaWnc4emQ=="
    },
    "is-in-browser": {
      "version": "1.1.3",
      "resolved": "https://registry.npmjs.org/is-in-browser/-/is-in-browser-1.1.3.tgz",
      "integrity": "sha1-Vv9NtoOgeMYILrldrX3GLh0E+DU="
    },
    "is-plain-object": {
      "version": "2.0.4",
      "resolved": "https://registry.npmjs.org/is-plain-object/-/is-plain-object-2.0.4.tgz",
      "integrity": "sha512-h5PpgXkWitc38BBMYawTYMWJHFZJVnBquFE57xFpjB8pJFiF6gZ+bU+WyI/yqXiFR5mdLsgYNaPe8uao6Uv9Og==",
      "requires": {
        "isobject": "3.0.1"
      }
    },
    "is-window": {
      "version": "1.0.2",
      "resolved": "https://registry.npmjs.org/is-window/-/is-window-1.0.2.tgz",
      "integrity": "sha1-LIlspT25feRdPDMTOmXYyfVjSA0="
    },
    "isobject": {
      "version": "3.0.1",
      "resolved": "https://registry.npmjs.org/isobject/-/isobject-3.0.1.tgz",
      "integrity": "sha1-TkMekrEalzFjaqH5yNHMvP2reN8="
    },
    "isomorphic-base64": {
      "version": "1.0.2",
      "resolved": "https://registry.npmjs.org/isomorphic-base64/-/isomorphic-base64-1.0.2.tgz",
      "integrity": "sha1-9Caq6CVpuopOxcpzrSGkSrHueAM="
    },
    "js-tokens": {
      "version": "4.0.0",
      "resolved": "https://registry.npmjs.org/js-tokens/-/js-tokens-4.0.0.tgz",
      "integrity": "sha512-RdJUflcE3cUzKiMqQgsCu06FPu9UdIJO0beYbPhHN4k6apgJtifcoCtT9bcxOpYBtpD2kCM6Sbzg4CausW/PKQ=="
    },
    "lodash": {
      "version": "4.17.10",
      "resolved": "https://registry.npmjs.org/lodash/-/lodash-4.17.10.tgz",
      "integrity": "sha512-UejweD1pDoXu+AD825lWwp4ZGtSwgnpZxb3JDViD7StjQz+Nb/6l093lx4OQ0foGWNRoc19mWy7BzL+UAK2iVg=="
    },
    "loose-envify": {
      "version": "1.4.0",
      "resolved": "https://registry.npmjs.org/loose-envify/-/loose-envify-1.4.0.tgz",
      "integrity": "sha512-lyuxPGr/Wfhrlem2CL/UcnUc1zcqKAImBDzukY7Y5F/yQiNdko6+fRLevlw1HgMySw7f611UIY408EtxRSoK3Q==",
      "requires": {
        "js-tokens": "4.0.0"
      }
    },
    "memoize-one": {
      "version": "4.0.2",
      "resolved": "https://registry.npmjs.org/memoize-one/-/memoize-one-4.0.2.tgz",
      "integrity": "sha512-ucx2DmXTeZTsS4GPPUZCbULAN7kdPT1G+H49Y34JjbQ5ESc6OGhVxKvb1iKhr9v19ZB9OtnHwNnhUnNR/7Wteg=="
    },
    "ms": {
      "version": "2.1.1",
      "resolved": "https://registry.npmjs.org/ms/-/ms-2.1.1.tgz",
      "integrity": "sha512-tgp+dl5cGk28utYktBsrFqA7HKgrhgPsg6Z/EfhWI4gl1Hwq8B/GmY/0oXZ6nF8hDVesS/FpnYaD/kOWhYQvyg=="
    },
    "object-assign": {
      "version": "4.1.1",
      "resolved": "https://registry.npmjs.org/object-assign/-/object-assign-4.1.1.tgz",
      "integrity": "sha1-IQmtx5ZYh8/AXLvUQsrIv7s2CGM="
    },
    "prop-types": {
      "version": "15.6.2",
      "resolved": "https://registry.npmjs.org/prop-types/-/prop-types-15.6.2.tgz",
      "integrity": "sha512-3pboPvLiWD7dkI3qf3KbUe6hKFKa52w+AE0VCqECtf+QHAKgOL37tTaNCnuX1nAAQ4ZhyP+kYVKf8rLmJ/feDQ==",
      "requires": {
        "loose-envify": "1.4.0",
        "object-assign": "4.1.1"
      }
    },
    "react": {
      "version": "16.5.0",
      "resolved": "https://registry.npmjs.org/react/-/react-16.5.0.tgz",
      "integrity": "sha512-nw/yB/L51kA9PsAy17T1JrzzGRk+BlFCJwFF7p+pwVxgqwPjYNeZEkkH7LXn9dmflolrYMXLWMTkQ77suKPTNQ==",
      "requires": {
        "loose-envify": "1.4.0",
        "object-assign": "4.1.1",
        "prop-types": "15.6.2",
        "schedule": "0.3.0"
      }
    },
    "react-dom": {
      "version": "16.5.0",
      "resolved": "https://registry.npmjs.org/react-dom/-/react-dom-16.5.0.tgz",
      "integrity": "sha512-qgsQdjFH54pQ1AGLCBKsqjPxib4Pnp+cOsNxGPlkHn5YnsSt43sBvHSif6FheY7NMMS6HPeSJOxXf6ECanjacA==",
      "requires": {
        "loose-envify": "1.4.0",
        "object-assign": "4.1.1",
        "prop-types": "15.6.2",
        "schedule": "0.3.0"
      }
    },
    "react-immutable-proptypes": {
      "version": "2.1.0",
      "resolved": "https://registry.npmjs.org/react-immutable-proptypes/-/react-immutable-proptypes-2.1.0.tgz",
      "integrity": "sha1-Aj1vObsVyXwHHp5g0A0TbqxfoLQ="
    },
    "schedule": {
      "version": "0.3.0",
      "resolved": "https://registry.npmjs.org/schedule/-/schedule-0.3.0.tgz",
      "integrity": "sha512-20+1KVo517sR7Nt+bYBN8a+bEJDKLPEx7Ohtts1kX05E4/HY53YUNuhfkVNItmWAnBYHcpG9vsd2/CJxG+aPCQ==",
      "requires": {
        "object-assign": "4.1.1"
      }
    },
    "selection-is-backward": {
      "version": "1.0.0",
      "resolved": "https://registry.npmjs.org/selection-is-backward/-/selection-is-backward-1.0.0.tgz",
      "integrity": "sha1-l6VGMxiKURq6ZBn8XB+pG0Z+a+E="
    },
    "slate": {
      "version": "0.40.2",
      "resolved": "https://registry.npmjs.org/slate/-/slate-0.40.2.tgz",
      "integrity": "sha512-STxC+TGQMinfFoRZuT1/cdExkqCKwgYpdDNEK6tAxS8F/A6lYzgH0J3rtWQH1ePPtZSEIPcqsroFWXVUTAZG6w==",
      "requires": {
        "debug": "3.2.4",
        "direction": "0.1.5",
        "esrever": "0.2.0",
        "is-plain-object": "2.0.4",
        "lodash": "4.17.10",
        "slate-dev-warning": "0.0.1",
        "type-of": "2.0.1"
      }
    },
    "slate-base64-serializer": {
      "version": "0.2.63",
      "resolved": "https://registry.npmjs.org/slate-base64-serializer/-/slate-base64-serializer-0.2.63.tgz",
      "integrity": "sha512-BINB8jeixr37BDHa7YQEgyz1j7M7Ff0MiXGoHqPlbXaFg0cQgorkJSlW9eHrvUcEN2SwKvBhP0IwB41oEm2nxA==",
      "requires": {
        "isomorphic-base64": "1.0.2"
      }
    },
    "slate-dev-environment": {
      "version": "0.2.0",
      "resolved": "https://registry.npmjs.org/slate-dev-environment/-/slate-dev-environment-0.2.0.tgz",
      "integrity": "sha512-xxh3ThUSHYDwRUaywRQeOySJFI1kU4mYw9uDUbjk3VTpt0BHCFufHkCU5f22U8HyP7b2nDVFwfyXg1Q0o+Ksag==",
      "requires": {
        "is-in-browser": "1.1.3"
      }
    },
    "slate-dev-warning": {
      "version": "0.0.1",
      "resolved": "https://registry.npmjs.org/slate-dev-warning/-/slate-dev-warning-0.0.1.tgz",
      "integrity": "sha512-QdXa+qmOG46VrTfnzn2gUVzs1WiO3Q+zCv3XomzMNGdgAJjCgHBs3jaeQD845h15loS3OJ181gCNAkB3dby6Hw=="
    },
    "slate-hotkeys": {
      "version": "0.2.3",
      "resolved": "https://registry.npmjs.org/slate-hotkeys/-/slate-hotkeys-0.2.3.tgz",
      "integrity": "sha512-2Ptajlcbc0m+Pt5i/cWp0uKVSjj0VYbKcS+60Dmx5r7HunYhFBi92g3qwQ162uvb6rWenOFVHHYTrf8SiExoZg==",
      "requires": {
        "is-hotkey": "0.1.3",
        "slate-dev-environment": "0.2.0"
      }
    },
    "slate-plain-serializer": {
      "version": "0.6.2",
      "resolved": "https://registry.npmjs.org/slate-plain-serializer/-/slate-plain-serializer-0.6.2.tgz",
      "integrity": "sha512-zig2hZE5oTVJ4wM1/RoNBSYkQSNh2cliD4XxSo9X2kxKKtGcWfGMyINdShn5tARtbiUMSFrYLTjmqUsojQvEMA=="
    },
    "slate-prop-types": {
      "version": "0.4.61",
      "resolved": "https://registry.npmjs.org/slate-prop-types/-/slate-prop-types-0.4.61.tgz",
      "integrity": "sha512-qhm4jbhQnVsxnizzXp6Hzb5d6zxFnAoYBnxKmE/tmv9QVkZs9ldur1YIROutTm418/9FpLe6bATrLhqeGHYalw=="
    },
    "slate-react": {
      "version": "0.18.5",
      "resolved": "https://registry.npmjs.org/slate-react/-/slate-react-0.18.5.tgz",
      "integrity": "sha512-xiE5dAxjQPw24snugHirHodjBabwZcnGdGkGJTE8IjVzIwXf0MWaaePl2Jd5KUTJ+GTMQsLpOhjs1kXrPfL/Ow==",
      "requires": {
        "debug": "3.2.4",
        "get-window": "1.1.2",
        "is-window": "1.0.2",
        "lodash": "4.17.10",
        "memoize-one": "4.0.2",
        "prop-types": "15.6.2",
        "react-immutable-proptypes": "2.1.0",
        "selection-is-backward": "1.0.0",
        "slate-base64-serializer": "0.2.63",
        "slate-dev-environment": "0.2.0",
        "slate-dev-warning": "0.0.1",
        "slate-hotkeys": "0.2.3",
        "slate-plain-serializer": "0.6.2",
        "slate-prop-types": "0.4.61"
      }
    },
    "type-of": {
      "version": "2.0.1",
      "resolved": "https://registry.npmjs.org/type-of/-/type-of-2.0.1.tgz",
      "integrity": "sha1-5yoXQYllaOn2KDeNgW1pEvfyOXI="
    }
  }
}
